
Microsoft Visual Studio Solution File, Format Version 9.00
# Visual Studio 2005
Project("{FAE04EC0-301F-11D3-BF4B-00C04F79EFBC}") = "Sluzby", "Sluzby\Sluzby.csproj", "{E9E6EA65-78BC-44D1-A25E-0D07B4C9B52D}"
EndProject
Global
	GlobalSection(SolutionConfigurationPlatforms) = preSolution
		Debug|Any CPU = Debug|Any CPU
		Release|Any CPU = Release|Any CPU
	EndGlobalSection
	GlobalSection(ProjectConfigurationPlatforms) = postSolution
		{E9E6EA65-78BC-44D1-A25E-0D07B4C9B52D}.Debug|Any CPU.ActiveCfg = Debug|Any CPU
		{E9E6EA65-78BC-44D1-A25E-0D07B4C9B52D}.Debug|Any CPU.Build.0 = Debug|Any CPU
		{E9E6EA65-78BC-44D1-A25E-0D07B4C9B52D}.Release|Any CPU.ActiveCfg = Release|Any CPU
		{E9E6EA65-78BC-44D1-A25E-0D07B4C9B52D}.Release|Any CPU.Build.0 = Release|Any CPU
	EndGlobalSection
	GlobalSection(SolutionProperties) = preSolution
		HideSolutionNode = FALSE
	EndGlobalSection
EndGlobal
